
Microsoft Visual Studio Solution File, Format Version 12.00
# Visual Studio Version 17
VisualStudioVersion = 17.14.36518.9
MinimumVisualStudioVersion = 10.0.40219.1
Project("{FAE04EC0-301F-11D3-BF4B-00C04F79EFBC}") = "FirstApplication.ConsoleApp", "FirstApplication.ConsoleApp\FirstApplication.ConsoleApp.csproj", "{BBEF0AE9-E4D6-4C95-82BE-FA093B2151C1}"
EndProject
Project("{FAE04EC0-301F-11D3-BF4B-00C04F79EFBC}") = "ConsoleApp.myname", "ConsoleApp1\ConsoleApp.myname.csproj", "{574FF448-F084-4E04-BBE1-2D6F2638AACB}"
EndProject
Project("{FAE04EC0-301F-11D3-BF4B-00C04F79EFBC}") = "ConsoleApp2.program2", "ConsoleApp2\ConsoleApp2.program2.csproj", "{B61B02CC-C047-493F-9F86-89B72125A78A}"
EndProject
Project("{FAE04EC0-301F-11D3-BF4B-00C04F79EFBC}") = "ConsoleApp3.Program3", "ConsoleApp3.Program3\ConsoleApp3.Program3.csproj", "{73466A78-13D5-43B4-9F09-BDD873105513}"
EndProject
Global
	GlobalSection(SolutionConfigurationPlatforms) = preSolution
		Debug|Any CPU = Debug|Any CPU
		Release|Any CPU = Release|Any CPU
	EndGlobalSection
	GlobalSection(ProjectConfigurationPlatforms) = postSolution
		{BBEF0AE9-E4D6-4C95-82BE-FA093B2151C1}.Debug|Any CPU.ActiveCfg = Debug|Any CPU
		{BBEF0AE9-E4D6-4C95-82BE-FA093B2151C1}.Debug|Any CPU.Build.0 = Debug|Any CPU
		{BBEF0AE9-E4D6-4C95-82BE-FA093B2151C1}.Release|Any CPU.ActiveCfg = Release|Any CPU
		{BBEF0AE9-E4D6-4C95-82BE-FA093B2151C1}.Release|Any CPU.Build.0 = Release|Any CPU
		{574FF448-F084-4E04-BBE1-2D6F2638AACB}.Debug|Any CPU.ActiveCfg = Debug|Any CPU
		{574FF448-F084-4E04-BBE1-2D6F2638AACB}.Debug|Any CPU.Build.0 = Debug|Any CPU
		{574FF448-F084-4E04-BBE1-2D6F2638AACB}.Release|Any CPU.ActiveCfg = Release|Any CPU
		{574FF448-F084-4E04-BBE1-2D6F2638AACB}.Release|Any CPU.Build.0 = Release|Any CPU
		{B61B02CC-C047-493F-9F86-89B72125A78A}.Debug|Any CPU.ActiveCfg = Debug|Any CPU
		{B61B02CC-C047-493F-9F86-89B72125A78A}.Debug|Any CPU.Build.0 = Debug|Any CPU
		{B61B02CC-C047-493F-9F86-89B72125A78A}.Release|Any CPU.ActiveCfg = Release|Any CPU
		{B61B02CC-C047-493F-9F86-89B72125A78A}.Release|Any CPU.Build.0 = Release|Any CPU
		{73466A78-13D5-43B4-9F09-BDD873105513}.Debug|Any CPU.ActiveCfg = Debug|Any CPU
		{73466A78-13D5-43B4-9F09-BDD873105513}.Debug|Any CPU.Build.0 = Debug|Any CPU
		{73466A78-13D5-43B4-9F09-BDD873105513}.Release|Any CPU.ActiveCfg = Release|Any CPU
		{73466A78-13D5-43B4-9F09-BDD873105513}.Release|Any CPU.Build.0 = Release|Any CPU
	EndGlobalSection
	GlobalSection(SolutionProperties) = preSolution
		HideSolutionNode = FALSE
	EndGlobalSection
	GlobalSection(ExtensibilityGlobals) = postSolution
		SolutionGuid = {5AAB4C4A-4E71-4667-8A22-508EEB0119D3}
	EndGlobalSection
EndGlobal
